// !$*UTF8*$!
{
	archiveVersion = 1;
	classes = {
	};
	objectVersion = 46;
	objects = {

/* Begin PBXBuildFile section */
		2A1134F01A84C610004BBFDC /* TDGeometricFigure.m in Sources */ = {isa = PBXBuildFile; fileRef = 2A1134EB1A84C610004BBFDC /* TDGeometricFigure.m */; };
		2A1134F11A84C610004BBFDC /* TDMath.m in Sources */ = {isa = PBXBuildFile; fileRef = 2A1134ED1A84C610004BBFDC /* TDMath.m */; };
		2A1134F21A84C610004BBFDC /* TDTrigonometry.m in Sources */ = {isa = PBXBuildFile; fileRef = 2A1134EF1A84C610004BBFDC /* TDTrigonometry.m */; };
		2A1135021A84DDC8004BBFDC /* UIImageView+TechD.m in Sources */ = {isa = PBXBuildFile; fileRef = 2A1135011A84DDC8004BBFDC /* UIImageView+TechD.m */; };
		2A2C39C41A8774F9009504AB /* UIImage+TechD.m in Sources */ = {isa = PBXBuildFile; fileRef = 2A2C39C31A8774F9009504AB /* UIImage+TechD.m */; };
		2A4743681A8219EC0057586A /* TDStickerLibraryUnzip.m in Sources */ = {isa = PBXBuildFile; fileRef = 2A4743671A8219EC0057586A /* TDStickerLibraryUnzip.m */; };
		2A47436E1A823CE30057586A /* TDStickerLibraryTabPageInfo.m in Sources */ = {isa = PBXBuildFile; fileRef = 2A47436D1A823CE30057586A /* TDStickerLibraryTabPageInfo.m */; };
		2A4743771A826D5E0057586A /* TDStickerLibraryTabPageLayout.m in Sources */ = {isa = PBXBuildFile; fileRef = 2A4743761A826D5E0057586A /* TDStickerLibraryTabPageLayout.m */; };
		2A47437A1A8270140057586A /* TDStickerLibrarySectionHeader.m in Sources */ = {isa = PBXBuildFile; fileRef = 2A4743791A8270140057586A /* TDStickerLibrarySectionHeader.m */; };
		2A47437D1A82710C0057586A /* TDStickerLibrarySectionPreviewCell.m in Sources */ = {isa = PBXBuildFile; fileRef = 2A47437C1A82710C0057586A /* TDStickerLibrarySectionPreviewCell.m */; };
		2A4743801A8272050057586A /* TDStickerLibraryTabPageView.m in Sources */ = {isa = PBXBuildFile; fileRef = 2A47437F1A8272050057586A /* TDStickerLibraryTabPageView.m */; };
		2A5D039D1A750A8E002B4A5D /* TDUtilities.m in Sources */ = {isa = PBXBuildFile; fileRef = 2A5D039C1A750A8E002B4A5D /* TDUtilities.m */; };
		2AADF4BD1A69599E0026EF9D /* TDStickerLibrary.h in CopyFiles */ = {isa = PBXBuildFile; fileRef = 2AADF4BC1A69599E0026EF9D /* TDStickerLibrary.h */; };
		2AADF4BF1A69599E0026EF9D /* TDStickerLibrary.m in Sources */ = {isa = PBXBuildFile; fileRef = 2AADF4BE1A69599E0026EF9D /* TDStickerLibrary.m */; };
		2AADF4C51A69599E0026EF9D /* libTDStickerLibrary.a in Frameworks */ = {isa = PBXBuildFile; fileRef = 2AADF4B91A69599E0026EF9D /* libTDStickerLibrary.a */; };
		2AADF5081A695E7B0026EF9D /* TDStickerLibraryViewController.m in Sources */ = {isa = PBXBuildFile; fileRef = 2AADF5071A695E7B0026EF9D /* TDStickerLibraryViewController.m */; };
		2AADF50E1A695E980026EF9D /* UIScreen+TechD.m in Sources */ = {isa = PBXBuildFile; fileRef = 2AADF50D1A695E980026EF9D /* UIScreen+TechD.m */; };
		2AB705E91A6FDB02006C6845 /* AFHTTPRequestOperation.m in Sources */ = {isa = PBXBuildFile; fileRef = 2AB705C31A6FDB02006C6845 /* AFHTTPRequestOperation.m */; };
		2AB705EA1A6FDB02006C6845 /* AFHTTPRequestOperationManager.m in Sources */ = {isa = PBXBuildFile; fileRef = 2AB705C51A6FDB02006C6845 /* AFHTTPRequestOperationManager.m */; };
		2AB705EB1A6FDB02006C6845 /* AFHTTPSessionManager.m in Sources */ = {isa = PBXBuildFile; fileRef = 2AB705C71A6FDB02006C6845 /* AFHTTPSessionManager.m */; };
		2AB705EC1A6FDB02006C6845 /* AFNetworkReachabilityManager.m in Sources */ = {isa = PBXBuildFile; fileRef = 2AB705CA1A6FDB02006C6845 /* AFNetworkReachabilityManager.m */; };
		2AB705ED1A6FDB02006C6845 /* AFSecurityPolicy.m in Sources */ = {isa = PBXBuildFile; fileRef = 2AB705CC1A6FDB02006C6845 /* AFSecurityPolicy.m */; };
		2AB705EE1A6FDB02006C6845 /* AFURLConnectionOperation.m in Sources */ = {isa = PBXBuildFile; fileRef = 2AB705CE1A6FDB02006C6845 /* AFURLConnectionOperation.m */; };
		2AB705EF1A6FDB02006C6845 /* AFURLRequestSerialization.m in Sources */ = {isa = PBXBuildFile; fileRef = 2AB705D01A6FDB02006C6845 /* AFURLRequestSerialization.m */; };
		2AB705F01A6FDB02006C6845 /* AFURLResponseSerialization.m in Sources */ = {isa = PBXBuildFile; fileRef = 2AB705D21A6FDB02006C6845 /* AFURLResponseSerialization.m */; };
		2AB705F11A6FDB02006C6845 /* AFURLSessionManager.m in Sources */ = {isa = PBXBuildFile; fileRef = 2AB705D41A6FDB02006C6845 /* AFURLSessionManager.m */; };
		2AB705F21A6FDB02006C6845 /* LICENSE in Resources */ = {isa = PBXBuildFile; fileRef = 2AB705D51A6FDB02006C6845 /* LICENSE */; };
		2AB705F31A6FDB02006C6845 /* README.md in Sources */ = {isa = PBXBuildFile; fileRef = 2AB705D61A6FDB02006C6845 /* README.md */; };
		2AB705F41A6FDB02006C6845 /* AFNetworkActivityIndicatorManager.m in Sources */ = {isa = PBXBuildFile; fileRef = 2AB705D91A6FDB02006C6845 /* AFNetworkActivityIndicatorManager.m */; };
		2AB705F51A6FDB02006C6845 /* UIActivityIndicatorView+AFNetworking.m in Sources */ = {isa = PBXBuildFile; fileRef = 2AB705DB1A6FDB02006C6845 /* UIActivityIndicatorView+AFNetworking.m */; };
		2AB705F61A6FDB02006C6845 /* UIAlertView+AFNetworking.m in Sources */ = {isa = PBXBuildFile; fileRef = 2AB705DD1A6FDB02006C6845 /* UIAlertView+AFNetworking.m */; };
		2AB705F71A6FDB02006C6845 /* UIButton+AFNetworking.m in Sources */ = {isa = PBXBuildFile; fileRef = 2AB705DF1A6FDB02006C6845 /* UIButton+AFNetworking.m */; };
		2AB705F81A6FDB02006C6845 /* UIImageView+AFNetworking.m in Sources */ = {isa = PBXBuildFile; fileRef = 2AB705E11A6FDB02006C6845 /* UIImageView+AFNetworking.m */; };
		2AB705F91A6FDB02006C6845 /* UIProgressView+AFNetworking.m in Sources */ = {isa = PBXBuildFile; fileRef = 2AB705E41A6FDB02006C6845 /* UIProgressView+AFNetworking.m */; };
		2AB705FA1A6FDB02006C6845 /* UIRefreshControl+AFNetworking.m in Sources */ = {isa = PBXBuildFile; fileRef = 2AB705E61A6FDB02006C6845 /* UIRefreshControl+AFNetworking.m */; };
		2AB705FB1A6FDB02006C6845 /* UIWebView+AFNetworking.m in Sources */ = {isa = PBXBuildFile; fileRef = 2AB705E81A6FDB02006C6845 /* UIWebView+AFNetworking.m */; };
		2AB706291A6FDFE4006C6845 /* ioapi.c in Sources */ = {isa = PBXBuildFile; fileRef = 2AB7061E1A6FDFE4006C6845 /* ioapi.c */; };
		2AB7062A1A6FDFE4006C6845 /* mztools.c in Sources */ = {isa = PBXBuildFile; fileRef = 2AB706201A6FDFE4006C6845 /* mztools.c */; };
		2AB7062B1A6FDFE4006C6845 /* unzip.c in Sources */ = {isa = PBXBuildFile; fileRef = 2AB706221A6FDFE4006C6845 /* unzip.c */; };
		2AB7062C1A6FDFE4006C6845 /* zip.c in Sources */ = {isa = PBXBuildFile; fileRef = 2AB706241A6FDFE4006C6845 /* zip.c */; };
		2AB7062D1A6FDFE4006C6845 /* README.md in Sources */ = {isa = PBXBuildFile; fileRef = 2AB706261A6FDFE4006C6845 /* README.md */; };
		2AB7062E1A6FDFE4006C6845 /* ZipArchive.m in Sources */ = {isa = PBXBuildFile; fileRef = 2AB706281A6FDFE4006C6845 /* ZipArchive.m */; };
		2AB706301A6FE00C006C6845 /* libz.dylib in Frameworks */ = {isa = PBXBuildFile; fileRef = 2AB7062F1A6FE00C006C6845 /* libz.dylib */; };
		2AB706891A6FE42F006C6845 /* TDStickerLibraryTabInfo.m in Sources */ = {isa = PBXBuildFile; fileRef = 2AB706881A6FE42F006C6845 /* TDStickerLibraryTabInfo.m */; };
		2AB7068F1A700918006C6845 /* TDStickerLibraryCustomization.m in Sources */ = {isa = PBXBuildFile; fileRef = 2AB7068E1A700918006C6845 /* TDStickerLibraryCustomization.m */; };
		2ABD8E371A714E9300626356 /* TDBaseTabMenuItem.m in Sources */ = {isa = PBXBuildFile; fileRef = 2ABD8E361A714E9300626356 /* TDBaseTabMenuItem.m */; };
		2AF2FE8C1A7A7E9400793CD2 /* TDTexturePakcerXMLReader.m in Sources */ = {isa = PBXBuildFile; fileRef = 2AF2FE8B1A7A7E9400793CD2 /* TDTexturePakcerXMLReader.m */; };
		2AFDFAD71A838B8D00A82E55 /* TDStickerLibrarySectionStates.m in Sources */ = {isa = PBXBuildFile; fileRef = 2AFDFAD61A838B8D00A82E55 /* TDStickerLibrarySectionStates.m */; };
/* End PBXBuildFile section */

/* Begin PBXContainerItemProxy section */
		2AADF4C61A69599E0026EF9D /* PBXContainerItemProxy */ = {
			isa = PBXContainerItemProxy;
			containerPortal = 2AADF4B11A69599E0026EF9D /* Project object */;
			proxyType = 1;
			remoteGlobalIDString = 2AADF4B81A69599E0026EF9D;
			remoteInfo = TDStickerLibrary;
		};
/* End PBXContainerItemProxy section */

/* Begin PBXCopyFilesBuildPhase section */
		2AADF4B71A69599E0026EF9D /* CopyFiles */ = {
			isa = PBXCopyFilesBuildPhase;
			buildActionMask = 2147483647;
			dstPath = "include/$(PRODUCT_NAME)";
			dstSubfolderSpec = 16;
			files = (
				2AADF4BD1A69599E0026EF9D /* TDStickerLibrary.h in CopyFiles */,
			);
			runOnlyForDeploymentPostprocessing = 0;
		};
/* End PBXCopyFilesBuildPhase section */

/* Begin PBXFileReference section */
		2A1134EA1A84C610004BBFDC /* TDGeometricFigure.h */ = {isa = PBXFileReference; fileEncoding = 4; lastKnownFileType = sourcecode.c.h; path = TDGeometricFigure.h; sourceTree = "<group>"; };
		2A1134EB1A84C610004BBFDC /* TDGeometricFigure.m */ = {isa = PBXFileReference; fileEncoding = 4; lastKnownFileType = sourcecode.c.objc; path = TDGeometricFigure.m; sourceTree = "<group>"; };
		2A1134EC1A84C610004BBFDC /* TDMath.h */ = {isa = PBXFileReference; fileEncoding = 4; lastKnownFileType = sourcecode.c.h; path = TDMath.h; sourceTree = "<group>"; };
		2A1134ED1A84C610004BBFDC /* TDMath.m */ = {isa = PBXFileReference; fileEncoding = 4; lastKnownFileType = sourcecode.c.objc; path = TDMath.m; sourceTree = "<group>"; };
		2A1134EE1A84C610004BBFDC /* TDTrigonometry.h */ = {isa = PBXFileReference; fileEncoding = 4; lastKnownFileType = sourcecode.c.h; path = TDTrigonometry.h; sourceTree = "<group>"; };
		2A1134EF1A84C610004BBFDC /* TDTrigonometry.m */ = {isa = PBXFileReference; fileEncoding = 4; lastKnownFileType = sourcecode.c.objc; path = TDTrigonometry.m; sourceTree = "<group>"; };
		2A1135001A84DDC8004BBFDC /* UIImageView+TechD.h */ = {isa = PBXFileReference; fileEncoding = 4; lastKnownFileType = sourcecode.c.h; path = "UIImageView+TechD.h"; sourceTree = "<group>"; };
		2A1135011A84DDC8004BBFDC /* UIImageView+TechD.m */ = {isa = PBXFileReference; fileEncoding = 4; lastKnownFileType = sourcecode.c.objc; path = "UIImageView+TechD.m"; sourceTree = "<group>"; };
		2A2C39C21A8774F9009504AB /* UIImage+TechD.h */ = {isa = PBXFileReference; fileEncoding = 4; lastKnownFileType = sourcecode.c.h; path = "UIImage+TechD.h"; sourceTree = "<group>"; };
		2A2C39C31A8774F9009504AB /* UIImage+TechD.m */ = {isa = PBXFileReference; fileEncoding = 4; lastKnownFileType = sourcecode.c.objc; path = "UIImage+TechD.m"; sourceTree = "<group>"; };
		2A4743661A8219EC0057586A /* TDStickerLibraryUnzip.h */ = {isa = PBXFileReference; fileEncoding = 4; lastKnownFileType = sourcecode.c.h; path = TDStickerLibraryUnzip.h; sourceTree = "<group>"; };
		2A4743671A8219EC0057586A /* TDStickerLibraryUnzip.m */ = {isa = PBXFileReference; fileEncoding = 4; lastKnownFileType = sourcecode.c.objc; path = TDStickerLibraryUnzip.m; sourceTree = "<group>"; };
		2A47436C1A823CE30057586A /* TDStickerLibraryTabPageInfo.h */ = {isa = PBXFileReference; fileEncoding = 4; lastKnownFileType = sourcecode.c.h; path = TDStickerLibraryTabPageInfo.h; sourceTree = "<group>"; };
		2A47436D1A823CE30057586A /* TDStickerLibraryTabPageInfo.m */ = {isa = PBXFileReference; fileEncoding = 4; lastKnownFileType = sourcecode.c.objc; path = TDStickerLibraryTabPageInfo.m; sourceTree = "<group>"; };
		2A4743751A826D5E0057586A /* TDStickerLibraryTabPageLayout.h */ = {isa = PBXFileReference; fileEncoding = 4; lastKnownFileType = sourcecode.c.h; path = TDStickerLibraryTabPageLayout.h; sourceTree = "<group>"; };
		2A4743761A826D5E0057586A /* TDStickerLibraryTabPageLayout.m */ = {isa = PBXFileReference; fileEncoding = 4; lastKnownFileType = sourcecode.c.objc; path = TDStickerLibraryTabPageLayout.m; sourceTree = "<group>"; };
		2A4743781A8270140057586A /* TDStickerLibrarySectionHeader.h */ = {isa = PBXFileReference; fileEncoding = 4; lastKnownFileType = sourcecode.c.h; path = TDStickerLibrarySectionHeader.h; sourceTree = "<group>"; };
		2A4743791A8270140057586A /* TDStickerLibrarySectionHeader.m */ = {isa = PBXFileReference; fileEncoding = 4; lastKnownFileType = sourcecode.c.objc; path = TDStickerLibrarySectionHeader.m; sourceTree = "<group>"; };
		2A47437B1A82710C0057586A /* TDStickerLibrarySectionPreviewCell.h */ = {isa = PBXFileReference; fileEncoding = 4; lastKnownFileType = sourcecode.c.h; path = TDStickerLibrarySectionPreviewCell.h; sourceTree = "<group>"; };
		2A47437C1A82710C0057586A /* TDStickerLibrarySectionPreviewCell.m */ = {isa = PBXFileReference; fileEncoding = 4; lastKnownFileType = sourcecode.c.objc; path = TDStickerLibrarySectionPreviewCell.m; sourceTree = "<group>"; };
		2A47437E1A8272050057586A /* TDStickerLibraryTabPageView.h */ = {isa = PBXFileReference; fileEncoding = 4; lastKnownFileType = sourcecode.c.h; path = TDStickerLibraryTabPageView.h; sourceTree = "<group>"; };
		2A47437F1A8272050057586A /* TDStickerLibraryTabPageView.m */ = {isa = PBXFileReference; fileEncoding = 4; lastKnownFileType = sourcecode.c.objc; path = TDStickerLibraryTabPageView.m; sourceTree = "<group>"; };
		2A5689BC1A6E73B90087CCA4 /* NSLayoutConstraint+TechD.h */ = {isa = PBXFileReference; fileEncoding = 4; lastKnownFileType = sourcecode.c.h; path = "NSLayoutConstraint+TechD.h"; sourceTree = "<group>"; };
		2A5689BD1A6E73B90087CCA4 /* NSLayoutConstraint+TechD.m */ = {isa = PBXFileReference; fileEncoding = 4; lastKnownFileType = sourcecode.c.objc; path = "NSLayoutConstraint+TechD.m"; sourceTree = "<group>"; };
		2A5D039B1A750A8E002B4A5D /* TDUtilities.h */ = {isa = PBXFileReference; fileEncoding = 4; lastKnownFileType = sourcecode.c.h; name = TDUtilities.h; path = Libraries/TDFoundation/TDFoundation/TDUtilities.h; sourceTree = "<group>"; };
		2A5D039C1A750A8E002B4A5D /* TDUtilities.m */ = {isa = PBXFileReference; fileEncoding = 4; lastKnownFileType = sourcecode.c.objc; name = TDUtilities.m; path = Libraries/TDFoundation/TDFoundation/TDUtilities.m; sourceTree = "<group>"; };
		2AADF4B91A69599E0026EF9D /* libTDStickerLibrary.a */ = {isa = PBXFileReference; explicitFileType = archive.ar; includeInIndex = 0; path = libTDStickerLibrary.a; sourceTree = BUILT_PRODUCTS_DIR; };
		2AADF4BC1A69599E0026EF9D /* TDStickerLibrary.h */ = {isa = PBXFileReference; lastKnownFileType = sourcecode.c.h; path = TDStickerLibrary.h; sourceTree = "<group>"; };
		2AADF4BE1A69599E0026EF9D /* TDStickerLibrary.m */ = {isa = PBXFileReference; lastKnownFileType = sourcecode.c.objc; path = TDStickerLibrary.m; sourceTree = "<group>"; };
		2AADF4C41A69599E0026EF9D /* TDStickerLibraryTests.xctest */ = {isa = PBXFileReference; explicitFileType = wrapper.cfbundle; includeInIndex = 0; path = TDStickerLibraryTests.xctest; sourceTree = BUILT_PRODUCTS_DIR; };
		2AADF4CA1A69599E0026EF9D /* Info.plist */ = {isa = PBXFileReference; lastKnownFileType = text.plist.xml; path = Info.plist; sourceTree = "<group>"; };
		2AADF5061A695E7B0026EF9D /* TDStickerLibraryViewController.h */ = {isa = PBXFileReference; fileEncoding = 4; lastKnownFileType = sourcecode.c.h; path = TDStickerLibraryViewController.h; sourceTree = "<group>"; };
		2AADF5071A695E7B0026EF9D /* TDStickerLibraryViewController.m */ = {isa = PBXFileReference; fileEncoding = 4; lastKnownFileType = sourcecode.c.objc; path = TDStickerLibraryViewController.m; sourceTree = "<group>"; };
		2AADF50B1A695E980026EF9D /* UIKit+TechD.h */ = {isa = PBXFileReference; fileEncoding = 4; lastKnownFileType = sourcecode.c.h; path = "UIKit+TechD.h"; sourceTree = "<group>"; };
		2AADF50C1A695E980026EF9D /* UIScreen+TechD.h */ = {isa = PBXFileReference; fileEncoding = 4; lastKnownFileType = sourcecode.c.h; path = "UIScreen+TechD.h"; sourceTree = "<group>"; };
		2AADF50D1A695E980026EF9D /* UIScreen+TechD.m */ = {isa = PBXFileReference; fileEncoding = 4; lastKnownFileType = sourcecode.c.objc; path = "UIScreen+TechD.m"; sourceTree = "<group>"; };
		2AADF50F1A695F230026EF9D /* ARCMacros.h */ = {isa = PBXFileReference; lastKnownFileType = sourcecode.c.h; path = ARCMacros.h; sourceTree = "<group>"; };
		2AB705C21A6FDB02006C6845 /* AFHTTPRequestOperation.h */ = {isa = PBXFileReference; fileEncoding = 4; lastKnownFileType = sourcecode.c.h; path = AFHTTPRequestOperation.h; sourceTree = "<group>"; };
		2AB705C31A6FDB02006C6845 /* AFHTTPRequestOperation.m */ = {isa = PBXFileReference; fileEncoding = 4; lastKnownFileType = sourcecode.c.objc; path = AFHTTPRequestOperation.m; sourceTree = "<group>"; };
		2AB705C41A6FDB02006C6845 /* AFHTTPRequestOperationManager.h */ = {isa = PBXFileReference; fileEncoding = 4; lastKnownFileType = sourcecode.c.h; path = AFHTTPRequestOperationManager.h; sourceTree = "<group>"; };
		2AB705C51A6FDB02006C6845 /* AFHTTPRequestOperationManager.m */ = {isa = PBXFileReference; fileEncoding = 4; lastKnownFileType = sourcecode.c.objc; path = AFHTTPRequestOperationManager.m; sourceTree = "<group>"; };
		2AB705C61A6FDB02006C6845 /* AFHTTPSessionManager.h */ = {isa = PBXFileReference; fileEncoding = 4; lastKnownFileType = sourcecode.c.h; path = AFHTTPSessionManager.h; sourceTree = "<group>"; };
		2AB705C71A6FDB02006C6845 /* AFHTTPSessionManager.m */ = {isa = PBXFileReference; fileEncoding = 4; lastKnownFileType = sourcecode.c.objc; path = AFHTTPSessionManager.m; sourceTree = "<group>"; };
		2AB705C81A6FDB02006C6845 /* AFNetworking.h */ = {isa = PBXFileReference; fileEncoding = 4; lastKnownFileType = sourcecode.c.h; path = AFNetworking.h; sourceTree = "<group>"; };
		2AB705C91A6FDB02006C6845 /* AFNetworkReachabilityManager.h */ = {isa = PBXFileReference; fileEncoding = 4; lastKnownFileType = sourcecode.c.h; path = AFNetworkReachabilityManager.h; sourceTree = "<group>"; };
		2AB705CA1A6FDB02006C6845 /* AFNetworkReachabilityManager.m */ = {isa = PBXFileReference; fileEncoding = 4; lastKnownFileType = sourcecode.c.objc; path = AFNetworkReachabilityManager.m; sourceTree = "<group>"; };
		2AB705CB1A6FDB02006C6845 /* AFSecurityPolicy.h */ = {isa = PBXFileReference; fileEncoding = 4; lastKnownFileType = sourcecode.c.h; path = AFSecurityPolicy.h; sourceTree = "<group>"; };
		2AB705CC1A6FDB02006C6845 /* AFSecurityPolicy.m */ = {isa = PBXFileReference; fileEncoding = 4; lastKnownFileType = sourcecode.c.objc; path = AFSecurityPolicy.m; sourceTree = "<group>"; };
		2AB705CD1A6FDB02006C6845 /* AFURLConnectionOperation.h */ = {isa = PBXFileReference; fileEncoding = 4; lastKnownFileType = sourcecode.c.h; path = AFURLConnectionOperation.h; sourceTree = "<group>"; };
		2AB705CE1A6FDB02006C6845 /* AFURLConnectionOperation.m */ = {isa = PBXFileReference; fileEncoding = 4; lastKnownFileType = sourcecode.c.objc; path = AFURLConnectionOperation.m; sourceTree = "<group>"; };
		2AB705CF1A6FDB02006C6845 /* AFURLRequestSerialization.h */ = {isa = PBXFileReference; fileEncoding = 4; lastKnownFileType = sourcecode.c.h; path = AFURLRequestSerialization.h; sourceTree = "<group>"; };
		2AB705D01A6FDB02006C6845 /* AFURLRequestSerialization.m */ = {isa = PBXFileReference; fileEncoding = 4; lastKnownFileType = sourcecode.c.objc; path = AFURLRequestSerialization.m; sourceTree = "<group>"; };
		2AB705D11A6FDB02006C6845 /* AFURLResponseSerialization.h */ = {isa = PBXFileReference; fileEncoding = 4; lastKnownFileType = sourcecode.c.h; path = AFURLResponseSerialization.h; sourceTree = "<group>"; };
		2AB705D21A6FDB02006C6845 /* AFURLResponseSerialization.m */ = {isa = PBXFileReference; fileEncoding = 4; lastKnownFileType = sourcecode.c.objc; path = AFURLResponseSerialization.m; sourceTree = "<group>"; };
		2AB705D31A6FDB02006C6845 /* AFURLSessionManager.h */ = {isa = PBXFileReference; fileEncoding = 4; lastKnownFileType = sourcecode.c.h; path = AFURLSessionManager.h; sourceTree = "<group>"; };
		2AB705D41A6FDB02006C6845 /* AFURLSessionManager.m */ = {isa = PBXFileReference; fileEncoding = 4; lastKnownFileType = sourcecode.c.objc; path = AFURLSessionManager.m; sourceTree = "<group>"; };
		2AB705D51A6FDB02006C6845 /* LICENSE */ = {isa = PBXFileReference; fileEncoding = 4; lastKnownFileType = text; path = LICENSE; sourceTree = "<group>"; };
		2AB705D61A6FDB02006C6845 /* README.md */ = {isa = PBXFileReference; fileEncoding = 4; lastKnownFileType = net.daringfireball.markdown; path = README.md; sourceTree = "<group>"; };
		2AB705D81A6FDB02006C6845 /* AFNetworkActivityIndicatorManager.h */ = {isa = PBXFileReference; fileEncoding = 4; lastKnownFileType = sourcecode.c.h; path = AFNetworkActivityIndicatorManager.h; sourceTree = "<group>"; };
		2AB705D91A6FDB02006C6845 /* AFNetworkActivityIndicatorManager.m */ = {isa = PBXFileReference; fileEncoding = 4; lastKnownFileType = sourcecode.c.objc; path = AFNetworkActivityIndicatorManager.m; sourceTree = "<group>"; };
		2AB705DA1A6FDB02006C6845 /* UIActivityIndicatorView+AFNetworking.h */ = {isa = PBXFileReference; fileEncoding = 4; lastKnownFileType = sourcecode.c.h; path = "UIActivityIndicatorView+AFNetworking.h"; sourceTree = "<group>"; };
		2AB705DB1A6FDB02006C6845 /* UIActivityIndicatorView+AFNetworking.m */ = {isa = PBXFileReference; fileEncoding = 4; lastKnownFileType = sourcecode.c.objc; path = "UIActivityIndicatorView+AFNetworking.m"; sourceTree = "<group>"; };
		2AB705DC1A6FDB02006C6845 /* UIAlertView+AFNetworking.h */ = {isa = PBXFileReference; fileEncoding = 4; lastKnownFileType = sourcecode.c.h; path = "UIAlertView+AFNetworking.h"; sourceTree = "<group>"; };
		2AB705DD1A6FDB02006C6845 /* UIAlertView+AFNetworking.m */ = {isa = PBXFileReference; fileEncoding = 4; lastKnownFileType = sourcecode.c.objc; path = "UIAlertView+AFNetworking.m"; sourceTree = "<group>"; };
		2AB705DE1A6FDB02006C6845 /* UIButton+AFNetworking.h */ = {isa = PBXFileReference; fileEncoding = 4; lastKnownFileType = sourcecode.c.h; path = "UIButton+AFNetworking.h"; sourceTree = "<group>"; };
		2AB705DF1A6FDB02006C6845 /* UIButton+AFNetworking.m */ = {isa = PBXFileReference; fileEncoding = 4; lastKnownFileType = sourcecode.c.objc; path = "UIButton+AFNetworking.m"; sourceTree = "<group>"; };
		2AB705E01A6FDB02006C6845 /* UIImageView+AFNetworking.h */ = {isa = PBXFileReference; fileEncoding = 4; lastKnownFileType = sourcecode.c.h; path = "UIImageView+AFNetworking.h"; sourceTree = "<group>"; };
		2AB705E11A6FDB02006C6845 /* UIImageView+AFNetworking.m */ = {isa = PBXFileReference; fileEncoding = 4; lastKnownFileType = sourcecode.c.objc; path = "UIImageView+AFNetworking.m"; sourceTree = "<group>"; };
		2AB705E21A6FDB02006C6845 /* UIKit+AFNetworking.h */ = {isa = PBXFileReference; fileEncoding = 4; lastKnownFileType = sourcecode.c.h; path = "UIKit+AFNetworking.h"; sourceTree = "<group>"; };
		2AB705E31A6FDB02006C6845 /* UIProgressView+AFNetworking.h */ = {isa = PBXFileReference; fileEncoding = 4; lastKnownFileType = sourcecode.c.h; path = "UIProgressView+AFNetworking.h"; sourceTree = "<group>"; };
		2AB705E41A6FDB02006C6845 /* UIProgressView+AFNetworking.m */ = {isa = PBXFileReference; fileEncoding = 4; lastKnownFileType = sourcecode.c.objc; path = "UIProgressView+AFNetworking.m"; sourceTree = "<group>"; };
		2AB705E51A6FDB02006C6845 /* UIRefreshControl+AFNetworking.h */ = {isa = PBXFileReference; fileEncoding = 4; lastKnownFileType = sourcecode.c.h; path = "UIRefreshControl+AFNetworking.h"; sourceTree = "<group>"; };
		2AB705E61A6FDB02006C6845 /* UIRefreshControl+AFNetworking.m */ = {isa = PBXFileReference; fileEncoding = 4; lastKnownFileType = sourcecode.c.objc; path = "UIRefreshControl+AFNetworking.m"; sourceTree = "<group>"; };
		2AB705E71A6FDB02006C6845 /* UIWebView+AFNetworking.h */ = {isa = PBXFileReference; fileEncoding = 4; lastKnownFileType = sourcecode.c.h; path = "UIWebView+AFNetworking.h"; sourceTree = "<group>"; };
		2AB705E81A6FDB02006C6845 /* UIWebView+AFNetworking.m */ = {isa = PBXFileReference; fileEncoding = 4; lastKnownFileType = sourcecode.c.objc; path = "UIWebView+AFNetworking.m"; sourceTree = "<group>"; };
		2AB7061A1A6FDFE4006C6845 /* ARCMacros.h */ = {isa = PBXFileReference; fileEncoding = 4; lastKnownFileType = sourcecode.c.h; path = ARCMacros.h; sourceTree = "<group>"; };
		2AB7061B1A6FDFE4006C6845 /* LICENSE */ = {isa = PBXFileReference; fileEncoding = 4; lastKnownFileType = text; path = LICENSE; sourceTree = "<group>"; };
		2AB7061D1A6FDFE4006C6845 /* crypt.h */ = {isa = PBXFileReference; fileEncoding = 4; lastKnownFileType = sourcecode.c.h; path = crypt.h; sourceTree = "<group>"; };
		2AB7061E1A6FDFE4006C6845 /* ioapi.c */ = {isa = PBXFileReference; fileEncoding = 4; lastKnownFileType = sourcecode.c.c; path = ioapi.c; sourceTree = "<group>"; };
		2AB7061F1A6FDFE4006C6845 /* ioapi.h */ = {isa = PBXFileReference; fileEncoding = 4; lastKnownFileType = sourcecode.c.h; path = ioapi.h; sourceTree = "<group>"; };
		2AB706201A6FDFE4006C6845 /* mztools.c */ = {isa = PBXFileReference; fileEncoding = 4; lastKnownFileType = sourcecode.c.c; path = mztools.c; sourceTree = "<group>"; };
		2AB706211A6FDFE4006C6845 /* mztools.h */ = {isa = PBXFileReference; fileEncoding = 4; lastKnownFileType = sourcecode.c.h; path = mztools.h; sourceTree = "<group>"; };
		2AB706221A6FDFE4006C6845 /* unzip.c */ = {isa = PBXFileReference; fileEncoding = 4; lastKnownFileType = sourcecode.c.c; path = unzip.c; sourceTree = "<group>"; };
		2AB706231A6FDFE4006C6845 /* unzip.h */ = {isa = PBXFileReference; fileEncoding = 4; lastKnownFileType = sourcecode.c.h; path = unzip.h; sourceTree = "<group>"; };
		2AB706241A6FDFE4006C6845 /* zip.c */ = {isa = PBXFileReference; fileEncoding = 4; lastKnownFileType = sourcecode.c.c; path = zip.c; sourceTree = "<group>"; };
		2AB706251A6FDFE4006C6845 /* zip.h */ = {isa = PBXFileReference; fileEncoding = 4; lastKnownFileType = sourcecode.c.h; path = zip.h; sourceTree = "<group>"; };
		2AB706261A6FDFE4006C6845 /* README.md */ = {isa = PBXFileReference; fileEncoding = 4; lastKnownFileType = net.daringfireball.markdown; path = README.md; sourceTree = "<group>"; };
		2AB706271A6FDFE4006C6845 /* ZipArchive.h */ = {isa = PBXFileReference; fileEncoding = 4; lastKnownFileType = sourcecode.c.h; path = ZipArchive.h; sourceTree = "<group>"; };
		2AB706281A6FDFE4006C6845 /* ZipArchive.m */ = {isa = PBXFileReference; fileEncoding = 4; lastKnownFileType = sourcecode.c.objc; path = ZipArchive.m; sourceTree = "<group>"; };
		2AB7062F1A6FE00C006C6845 /* libz.dylib */ = {isa = PBXFileReference; lastKnownFileType = "compiled.mach-o.dylib"; name = libz.dylib; path = usr/lib/libz.dylib; sourceTree = SDKROOT; };
		2AB706871A6FE42F006C6845 /* TDStickerLibraryTabInfo.h */ = {isa = PBXFileReference; fileEncoding = 4; lastKnownFileType = sourcecode.c.h; path = TDStickerLibraryTabInfo.h; sourceTree = "<group>"; };
		2AB706881A6FE42F006C6845 /* TDStickerLibraryTabInfo.m */ = {isa = PBXFileReference; fileEncoding = 4; lastKnownFileType = sourcecode.c.objc; path = TDStickerLibraryTabInfo.m; sourceTree = "<group>"; };
		2AB7068D1A700918006C6845 /* TDStickerLibraryCustomization.h */ = {isa = PBXFileReference; fileEncoding = 4; lastKnownFileType = sourcecode.c.h; path = TDStickerLibraryCustomization.h; sourceTree = "<group>"; };
		2AB7068E1A700918006C6845 /* TDStickerLibraryCustomization.m */ = {isa = PBXFileReference; fileEncoding = 4; lastKnownFileType = sourcecode.c.objc; path = TDStickerLibraryCustomization.m; sourceTree = "<group>"; };
		2ABD8E351A714E9300626356 /* TDBaseTabMenuItem.h */ = {isa = PBXFileReference; fileEncoding = 4; lastKnownFileType = sourcecode.c.h; name = TDBaseTabMenuItem.h; path = Libraries/TDBaseObjects/TDBaseObjects/TDBaseTabMenuItem.h; sourceTree = "<group>"; };
		2ABD8E361A714E9300626356 /* TDBaseTabMenuItem.m */ = {isa = PBXFileReference; fileEncoding = 4; lastKnownFileType = sourcecode.c.objc; name = TDBaseTabMenuItem.m; path = Libraries/TDBaseObjects/TDBaseObjects/TDBaseTabMenuItem.m; sourceTree = "<group>"; };
		2AF2FE8A1A7A7E9400793CD2 /* TDTexturePakcerXMLReader.h */ = {isa = PBXFileReference; fileEncoding = 4; lastKnownFileType = sourcecode.c.h; name = TDTexturePakcerXMLReader.h; path = Libraries/TDFoundation/TDFoundation/TDTexturePakcerXMLReader.h; sourceTree = "<group>"; };
		2AF2FE8B1A7A7E9400793CD2 /* TDTexturePakcerXMLReader.m */ = {isa = PBXFileReference; fileEncoding = 4; lastKnownFileType = sourcecode.c.objc; name = TDTexturePakcerXMLReader.m; path = Libraries/TDFoundation/TDFoundation/TDTexturePakcerXMLReader.m; sourceTree = "<group>"; };
		2AF2FE8D1A7A9E9200793CD2 /* TDFoundation.h */ = {isa = PBXFileReference; lastKnownFileType = sourcecode.c.h; name = TDFoundation.h; path = Libraries/TDFoundation/TDFoundation/TDFoundation.h; sourceTree = "<group>"; };
		2AFDFAD51A838B8D00A82E55 /* TDStickerLibrarySectionStates.h */ = {isa = PBXFileReference; fileEncoding = 4; lastKnownFileType = sourcecode.c.h; path = TDStickerLibrarySectionStates.h; sourceTree = "<group>"; };
		2AFDFAD61A838B8D00A82E55 /* TDStickerLibrarySectionStates.m */ = {isa = PBXFileReference; fileEncoding = 4; lastKnownFileType = sourcecode.c.objc; path = TDStickerLibrarySectionStates.m; sourceTree = "<group>"; };
/* End PBXFileReference section */

/* Begin PBXFrameworksBuildPhase section */
		2AADF4B61A69599E0026EF9D /* Frameworks */ = {
			isa = PBXFrameworksBuildPhase;
			buildActionMask = 2147483647;
			files = (
				2AB706301A6FE00C006C6845 /* libz.dylib in Frameworks */,
			);
			runOnlyForDeploymentPostprocessing = 0;
		};
		2AADF4C11A69599E0026EF9D /* Frameworks */ = {
			isa = PBXFrameworksBuildPhase;
			buildActionMask = 2147483647;
			files = (
				2AADF4C51A69599E0026EF9D /* libTDStickerLibrary.a in Frameworks */,
			);
			runOnlyForDeploymentPostprocessing = 0;
		};
/* End PBXFrameworksBuildPhase section */

/* Begin PBXGroup section */
		2A1134E91A84C610004BBFDC /* TDMath */ = {
			isa = PBXGroup;
			children = (
				2A1134EC1A84C610004BBFDC /* TDMath.h */,
				2A1134ED1A84C610004BBFDC /* TDMath.m */,
				2A1134EA1A84C610004BBFDC /* TDGeometricFigure.h */,
				2A1134EB1A84C610004BBFDC /* TDGeometricFigure.m */,
				2A1134EE1A84C610004BBFDC /* TDTrigonometry.h */,
				2A1134EF1A84C610004BBFDC /* TDTrigonometry.m */,
			);
			name = TDMath;
			path = Libraries/TDMath;
			sourceTree = "<group>";
		};
		2A5D03991A750A6E002B4A5D /* TDFoundation */ = {
			isa = PBXGroup;
			children = (
				2A5D039A1A750A70002B4A5D /* TDFoundation */,
			);
			name = TDFoundation;
			sourceTree = "<group>";
		};
		2A5D039A1A750A70002B4A5D /* TDFoundation */ = {
			isa = PBXGroup;
			children = (
				2AF2FE8D1A7A9E9200793CD2 /* TDFoundation.h */,
				2A5D039B1A750A8E002B4A5D /* TDUtilities.h */,
				2A5D039C1A750A8E002B4A5D /* TDUtilities.m */,
				2AF2FE8A1A7A7E9400793CD2 /* TDTexturePakcerXMLReader.h */,
				2AF2FE8B1A7A7E9400793CD2 /* TDTexturePakcerXMLReader.m */,
			);
			name = TDFoundation;
			sourceTree = "<group>";
		};
		2AADF4B01A69599E0026EF9D = {
			isa = PBXGroup;
			children = (
				2AADF50F1A695F230026EF9D /* ARCMacros.h */,
				2AADF4BB1A69599E0026EF9D /* TDStickerLibrary */,
				2AADF4C81A69599E0026EF9D /* TDStickerLibraryTests */,
				2AADF5051A695E600026EF9D /* Libraries */,
				2AADF4BA1A69599E0026EF9D /* Products */,
			);
			sourceTree = "<group>";
		};
		2AADF4BA1A69599E0026EF9D /* Products */ = {
			isa = PBXGroup;
			children = (
				2AADF4B91A69599E0026EF9D /* libTDStickerLibrary.a */,
				2AADF4C41A69599E0026EF9D /* TDStickerLibraryTests.xctest */,
			);
			name = Products;
			sourceTree = "<group>";
		};
		2AADF4BB1A69599E0026EF9D /* TDStickerLibrary */ = {
			isa = PBXGroup;
			children = (
				2AB706861A6FE42F006C6845 /* Data */,
				2AADF4BC1A69599E0026EF9D /* TDStickerLibrary.h */,
				2AADF4BE1A69599E0026EF9D /* TDStickerLibrary.m */,
				2AB7068D1A700918006C6845 /* TDStickerLibraryCustomization.h */,
				2AB7068E1A700918006C6845 /* TDStickerLibraryCustomization.m */,
				2AADF5061A695E7B0026EF9D /* TDStickerLibraryViewController.h */,
				2AADF5071A695E7B0026EF9D /* TDStickerLibraryViewController.m */,
				2A4743751A826D5E0057586A /* TDStickerLibraryTabPageLayout.h */,
				2A4743761A826D5E0057586A /* TDStickerLibraryTabPageLayout.m */,
				2A4743781A8270140057586A /* TDStickerLibrarySectionHeader.h */,
				2A4743791A8270140057586A /* TDStickerLibrarySectionHeader.m */,
				2A47437B1A82710C0057586A /* TDStickerLibrarySectionPreviewCell.h */,
				2A47437C1A82710C0057586A /* TDStickerLibrarySectionPreviewCell.m */,
				2A47437E1A8272050057586A /* TDStickerLibraryTabPageView.h */,
				2A47437F1A8272050057586A /* TDStickerLibraryTabPageView.m */,
			);
			path = TDStickerLibrary;
			sourceTree = "<group>";
		};
		2AADF4C81A69599E0026EF9D /* TDStickerLibraryTests */ = {
			isa = PBXGroup;
			children = (
				2AADF4C91A69599E0026EF9D /* Supporting Files */,
			);
			path = TDStickerLibraryTests;
			sourceTree = "<group>";
		};
		2AADF4C91A69599E0026EF9D /* Supporting Files */ = {
			isa = PBXGroup;
			children = (
				2AADF4CA1A69599E0026EF9D /* Info.plist */,
			);
			name = "Supporting Files";
			sourceTree = "<group>";
		};
		2AADF5051A695E600026EF9D /* Libraries */ = {
			isa = PBXGroup;
			children = (
				2A1134E91A84C610004BBFDC /* TDMath */,
				2A5D03991A750A6E002B4A5D /* TDFoundation */,
				2AADF5091A695E980026EF9D /* UIKit+TechD */,
				2ABD8E341A714DAF00626356 /* TDBaseObjects */,
				2AB706191A6FDFE4006C6845 /* ZipArchive */,
				2AB705C01A6FDB02006C6845 /* AFNetworking */,
			);
			name = Libraries;
			sourceTree = "<group>";
		};
		2AADF5091A695E980026EF9D /* UIKit+TechD */ = {
			isa = PBXGroup;
			children = (
				2AADF50A1A695E980026EF9D /* UIKit+TechD */,
			);
			name = "UIKit+TechD";
			path = "Libraries/UIKit+TechD";
			sourceTree = "<group>";
		};
		2AADF50A1A695E980026EF9D /* UIKit+TechD */ = {
			isa = PBXGroup;
			children = (
				2AADF50B1A695E980026EF9D /* UIKit+TechD.h */,
				2AADF50C1A695E980026EF9D /* UIScreen+TechD.h */,
				2AADF50D1A695E980026EF9D /* UIScreen+TechD.m */,
				2A2C39C21A8774F9009504AB /* UIImage+TechD.h */,
				2A2C39C31A8774F9009504AB /* UIImage+TechD.m */,
				2A1135001A84DDC8004BBFDC /* UIImageView+TechD.h */,
				2A1135011A84DDC8004BBFDC /* UIImageView+TechD.m */,
				2A5689BC1A6E73B90087CCA4 /* NSLayoutConstraint+TechD.h */,
				2A5689BD1A6E73B90087CCA4 /* NSLayoutConstraint+TechD.m */,
			);
			path = "UIKit+TechD";
			sourceTree = "<group>";
		};
		2AB705C01A6FDB02006C6845 /* AFNetworking */ = {
			isa = PBXGroup;
			children = (
				2AB705D71A6FDB02006C6845 /* UIKit+AFNetworking */,
				2AB705C11A6FDB02006C6845 /* AFNetworking */,
				2AB705D51A6FDB02006C6845 /* LICENSE */,
				2AB705D61A6FDB02006C6845 /* README.md */,
			);
			name = AFNetworking;
			path = Libraries/AFNetworking;
			sourceTree = "<group>";
		};
		2AB705C11A6FDB02006C6845 /* AFNetworking */ = {
			isa = PBXGroup;
			children = (
				2AB705C21A6FDB02006C6845 /* AFHTTPRequestOperation.h */,
				2AB705C31A6FDB02006C6845 /* AFHTTPRequestOperation.m */,
				2AB705C41A6FDB02006C6845 /* AFHTTPRequestOperationManager.h */,
				2AB705C51A6FDB02006C6845 /* AFHTTPRequestOperationManager.m */,
				2AB705C61A6FDB02006C6845 /* AFHTTPSessionManager.h */,
				2AB705C71A6FDB02006C6845 /* AFHTTPSessionManager.m */,
				2AB705C81A6FDB02006C6845 /* AFNetworking.h */,
				2AB705C91A6FDB02006C6845 /* AFNetworkReachabilityManager.h */,
				2AB705CA1A6FDB02006C6845 /* AFNetworkReachabilityManager.m */,
				2AB705CB1A6FDB02006C6845 /* AFSecurityPolicy.h */,
				2AB705CC1A6FDB02006C6845 /* AFSecurityPolicy.m */,
				2AB705CD1A6FDB02006C6845 /* AFURLConnectionOperation.h */,
				2AB705CE1A6FDB02006C6845 /* AFURLConnectionOperation.m */,
				2AB705CF1A6FDB02006C6845 /* AFURLRequestSerialization.h */,
				2AB705D01A6FDB02006C6845 /* AFURLRequestSerialization.m */,
				2AB705D11A6FDB02006C6845 /* AFURLResponseSerialization.h */,
				2AB705D21A6FDB02006C6845 /* AFURLResponseSerialization.m */,
				2AB705D31A6FDB02006C6845 /* AFURLSessionManager.h */,
				2AB705D41A6FDB02006C6845 /* AFURLSessionManager.m */,
			);
			path = AFNetworking;
			sourceTree = "<group>";
		};
		2AB705D71A6FDB02006C6845 /* UIKit+AFNetworking */ = {
			isa = PBXGroup;
			children = (
				2AB705D81A6FDB02006C6845 /* AFNetworkActivityIndicatorManager.h */,
				2AB705D91A6FDB02006C6845 /* AFNetworkActivityIndicatorManager.m */,
				2AB705DA1A6FDB02006C6845 /* UIActivityIndicatorView+AFNetworking.h */,
				2AB705DB1A6FDB02006C6845 /* UIActivityIndicatorView+AFNetworking.m */,
				2AB705DC1A6FDB02006C6845 /* UIAlertView+AFNetworking.h */,
				2AB705DD1A6FDB02006C6845 /* UIAlertView+AFNetworking.m */,
				2AB705DE1A6FDB02006C6845 /* UIButton+AFNetworking.h */,
				2AB705DF1A6FDB02006C6845 /* UIButton+AFNetworking.m */,
				2AB705E01A6FDB02006C6845 /* UIImageView+AFNetworking.h */,
				2AB705E11A6FDB02006C6845 /* UIImageView+AFNetworking.m */,
				2AB705E21A6FDB02006C6845 /* UIKit+AFNetworking.h */,
				2AB705E31A6FDB02006C6845 /* UIProgressView+AFNetworking.h */,
				2AB705E41A6FDB02006C6845 /* UIProgressView+AFNetworking.m */,
				2AB705E51A6FDB02006C6845 /* UIRefreshControl+AFNetworking.h */,
				2AB705E61A6FDB02006C6845 /* UIRefreshControl+AFNetworking.m */,
				2AB705E71A6FDB02006C6845 /* UIWebView+AFNetworking.h */,
				2AB705E81A6FDB02006C6845 /* UIWebView+AFNetworking.m */,
			);
			path = "UIKit+AFNetworking";
			sourceTree = "<group>";
		};
		2AB706191A6FDFE4006C6845 /* ZipArchive */ = {
			isa = PBXGroup;
			children = (
				2AB7062F1A6FE00C006C6845 /* libz.dylib */,
				2AB7061C1A6FDFE4006C6845 /* minizip */,
				2AB7061A1A6FDFE4006C6845 /* ARCMacros.h */,
				2AB7061B1A6FDFE4006C6845 /* LICENSE */,
				2AB706261A6FDFE4006C6845 /* README.md */,
				2AB706271A6FDFE4006C6845 /* ZipArchive.h */,
				2AB706281A6FDFE4006C6845 /* ZipArchive.m */,
			);
			name = ZipArchive;
			path = Libraries/ZipArchive;
			sourceTree = "<group>";
		};
		2AB7061C1A6FDFE4006C6845 /* minizip */ = {
			isa = PBXGroup;
			children = (
				2AB7061D1A6FDFE4006C6845 /* crypt.h */,
				2AB7061E1A6FDFE4006C6845 /* ioapi.c */,
				2AB7061F1A6FDFE4006C6845 /* ioapi.h */,
				2AB706201A6FDFE4006C6845 /* mztools.c */,
				2AB706211A6FDFE4006C6845 /* mztools.h */,
				2AB706221A6FDFE4006C6845 /* unzip.c */,
				2AB706231A6FDFE4006C6845 /* unzip.h */,
				2AB706241A6FDFE4006C6845 /* zip.c */,
				2AB706251A6FDFE4006C6845 /* zip.h */,
			);
			path = minizip;
			sourceTree = "<group>";
		};
		2AB706861A6FE42F006C6845 /* Data */ = {
			isa = PBXGroup;
			children = (
				2A4743661A8219EC0057586A /* TDStickerLibraryUnzip.h */,
				2A4743671A8219EC0057586A /* TDStickerLibraryUnzip.m */,
				2AB706871A6FE42F006C6845 /* TDStickerLibraryTabInfo.h */,
				2AB706881A6FE42F006C6845 /* TDStickerLibraryTabInfo.m */,
				2A47436C1A823CE30057586A /* TDStickerLibraryTabPageInfo.h */,
				2A47436D1A823CE30057586A /* TDStickerLibraryTabPageInfo.m */,
				2AFDFAD51A838B8D00A82E55 /* TDStickerLibrarySectionStates.h */,
				2AFDFAD61A838B8D00A82E55 /* TDStickerLibrarySectionStates.m */,
			);
			path = Data;
			sourceTree = "<group>";
		};
		2ABD8E341A714DAF00626356 /* TDBaseObjects */ = {
			isa = PBXGroup;
			children = (
				2ABD8E381A714EB300626356 /* TDBaseObjects */,
			);
			name = TDBaseObjects;
			sourceTree = "<group>";
		};
		2ABD8E381A714EB300626356 /* TDBaseObjects */ = {
			isa = PBXGroup;
			children = (
				2ABD8E351A714E9300626356 /* TDBaseTabMenuItem.h */,
				2ABD8E361A714E9300626356 /* TDBaseTabMenuItem.m */,
			);
			name = TDBaseObjects;
			sourceTree = "<group>";
		};
/* End PBXGroup section */

/* Begin PBXNativeTarget section */
		2AADF4B81A69599E0026EF9D /* TDStickerLibrary */ = {
			isa = PBXNativeTarget;
			buildConfigurationList = 2AADF4CD1A69599E0026EF9D /* Build configuration list for PBXNativeTarget "TDStickerLibrary" */;
			buildPhases = (
				2AADF4B51A69599E0026EF9D /* Sources */,
				2AADF4B61A69599E0026EF9D /* Frameworks */,
				2AADF4B71A69599E0026EF9D /* CopyFiles */,
			);
			buildRules = (
			);
			dependencies = (
			);
			name = TDStickerLibrary;
			productName = TDStickerLibrary;
			productReference = 2AADF4B91A69599E0026EF9D /* libTDStickerLibrary.a */;
			productType = "com.apple.product-type.library.static";
		};
		2AADF4C31A69599E0026EF9D /* TDStickerLibraryTests */ = {
			isa = PBXNativeTarget;
			buildConfigurationList = 2AADF4D01A69599E0026EF9D /* Build configuration list for PBXNativeTarget "TDStickerLibraryTests" */;
			buildPhases = (
				2AADF4C01A69599E0026EF9D /* Sources */,
				2AADF4C11A69599E0026EF9D /* Frameworks */,
				2AADF4C21A69599E0026EF9D /* Resources */,
			);
			buildRules = (
			);
			dependencies = (
				2AADF4C71A69599E0026EF9D /* PBXTargetDependency */,
			);
			name = TDStickerLibraryTests;
			productName = TDStickerLibraryTests;
			productReference = 2AADF4C41A69599E0026EF9D /* TDStickerLibraryTests.xctest */;
			productType = "com.apple.product-type.bundle.unit-test";
		};
/* End PBXNativeTarget section */

/* Begin PBXProject section */
		2AADF4B11A69599E0026EF9D /* Project object */ = {
			isa = PBXProject;
			attributes = {
				LastUpgradeCheck = 0610;
				ORGANIZATIONNAME = TechD;
				TargetAttributes = {
					2AADF4B81A69599E0026EF9D = {
						CreatedOnToolsVersion = 6.1.1;
					};
					2AADF4C31A69599E0026EF9D = {
						CreatedOnToolsVersion = 6.1.1;
					};
				};
			};
			buildConfigurationList = 2AADF4B41A69599E0026EF9D /* Build configuration list for PBXProject "TDStickerLibrary" */;
			compatibilityVersion = "Xcode 3.2";
			developmentRegion = English;
			hasScannedForEncodings = 0;
			knownRegions = (
				en,
			);
			mainGroup = 2AADF4B01A69599E0026EF9D;
			productRefGroup = 2AADF4BA1A69599E0026EF9D /* Products */;
			projectDirPath = "";
			projectRoot = "";
			targets = (
				2AADF4B81A69599E0026EF9D /* TDStickerLibrary */,
				2AADF4C31A69599E0026EF9D /* TDStickerLibraryTests */,
			);
		};
/* End PBXProject section */

/* Begin PBXResourcesBuildPhase section */
		2AADF4C21A69599E0026EF9D /* Resources */ = {
			isa = PBXResourcesBuildPhase;
			buildActionMask = 2147483647;
			files = (
				2AB705F21A6FDB02006C6845 /* LICENSE in Resources */,
			);
			runOnlyForDeploymentPostprocessing = 0;
		};
/* End PBXResourcesBuildPhase section */

/* Begin PBXSourcesBuildPhase section */
		2AADF4B51A69599E0026EF9D /* Sources */ = {
			isa = PBXSourcesBuildPhase;
			buildActionMask = 2147483647;
			files = (
				2A5D039D1A750A8E002B4A5D /* TDUtilities.m in Sources */,
				2AB706891A6FE42F006C6845 /* TDStickerLibraryTabInfo.m in Sources */,
				2AB7068F1A700918006C6845 /* TDStickerLibraryCustomization.m in Sources */,
				2A1135021A84DDC8004BBFDC /* UIImageView+TechD.m in Sources */,
				2AB7062B1A6FDFE4006C6845 /* unzip.c in Sources */,
				2AF2FE8C1A7A7E9400793CD2 /* TDTexturePakcerXMLReader.m in Sources */,
				2A4743771A826D5E0057586A /* TDStickerLibraryTabPageLayout.m in Sources */,
				2AB7062E1A6FDFE4006C6845 /* ZipArchive.m in Sources */,
				2AADF5081A695E7B0026EF9D /* TDStickerLibraryViewController.m in Sources */,
				2AB706291A6FDFE4006C6845 /* ioapi.c in Sources */,
				2A4743681A8219EC0057586A /* TDStickerLibraryUnzip.m in Sources */,
				2A47437D1A82710C0057586A /* TDStickerLibrarySectionPreviewCell.m in Sources */,
				2A2C39C41A8774F9009504AB /* UIImage+TechD.m in Sources */,
				2AB7062C1A6FDFE4006C6845 /* zip.c in Sources */,
				2A47436E1A823CE30057586A /* TDStickerLibraryTabPageInfo.m in Sources */,
				2AFDFAD71A838B8D00A82E55 /* TDStickerLibrarySectionStates.m in Sources */,
				2A4743801A8272050057586A /* TDStickerLibraryTabPageView.m in Sources */,
				2A47437A1A8270140057586A /* TDStickerLibrarySectionHeader.m in Sources */,
				2AADF4BF1A69599E0026EF9D /* TDStickerLibrary.m in Sources */,
				2AB7062D1A6FDFE4006C6845 /* README.md in Sources */,
				2ABD8E371A714E9300626356 /* TDBaseTabMenuItem.m in Sources */,
				2AB7062A1A6FDFE4006C6845 /* mztools.c in Sources */,
			);
			runOnlyForDeploymentPostprocessing = 0;
		};
		2AADF4C01A69599E0026EF9D /* Sources */ = {
			isa = PBXSourcesBuildPhase;
			buildActionMask = 2147483647;
			files = (
				2AB705EE1A6FDB02006C6845 /* AFURLConnectionOperation.m in Sources */,
				2AB705F01A6FDB02006C6845 /* AFURLResponseSerialization.m in Sources */,
				2AB705F61A6FDB02006C6845 /* UIAlertView+AFNetworking.m in Sources */,
				2AB705E91A6FDB02006C6845 /* AFHTTPRequestOperation.m in Sources */,
				2AADF50E1A695E980026EF9D /* UIScreen+TechD.m in Sources */,
				2AB705EC1A6FDB02006C6845 /* AFNetworkReachabilityManager.m in Sources */,
				2AB705F11A6FDB02006C6845 /* AFURLSessionManager.m in Sources */,
				2AB705EA1A6FDB02006C6845 /* AFHTTPRequestOperationManager.m in Sources */,
				2A1134F21A84C610004BBFDC /* TDTrigonometry.m in Sources */,
				2AB705F91A6FDB02006C6845 /* UIProgressView+AFNetworking.m in Sources */,
				2AB705ED1A6FDB02006C6845 /* AFSecurityPolicy.m in Sources */,
				2AB705F41A6FDB02006C6845 /* AFNetworkActivityIndicatorManager.m in Sources */,
				2A1134F01A84C610004BBFDC /* TDGeometricFigure.m in Sources */,
				2AB705EB1A6FDB02006C6845 /* AFHTTPSessionManager.m in Sources */,
				2AB705F81A6FDB02006C6845 /* UIImageView+AFNetworking.m in Sources */,
				2AB705F71A6FDB02006C6845 /* UIButton+AFNetworking.m in Sources */,
				2AB705FA1A6FDB02006C6845 /* UIRefreshControl+AFNetworking.m in Sources */,
				2AB705FB1A6FDB02006C6845 /* UIWebView+AFNetworking.m in Sources */,
				2AB705F31A6FDB02006C6845 /* README.md in Sources */,
				2AB705EF1A6FDB02006C6845 /* AFURLRequestSerialization.m in Sources */,
				2AB705F51A6FDB02006C6845 /* UIActivityIndicatorView+AFNetworking.m in Sources */,
				2A1134F11A84C610004BBFDC /* TDMath.m in Sources */,
			);
			runOnlyForDeploymentPostprocessing = 0;
		};
/* End PBXSourcesBuildPhase section */

/* Begin PBXTargetDependency section */
		2AADF4C71A69599E0026EF9D /* PBXTargetDependency */ = {
			isa = PBXTargetDependency;
			target = 2AADF4B81A69599E0026EF9D /* TDStickerLibrary */;
			targetProxy = 2AADF4C61A69599E0026EF9D /* PBXContainerItemProxy */;
		};
/* End PBXTargetDependency section */

/* Begin XCBuildConfiguration section */
		2AADF4CB1A69599E0026EF9D /* Debug */ = {
			isa = XCBuildConfiguration;
			buildSettings = {
				ALWAYS_SEARCH_USER_PATHS = NO;
				CLANG_CXX_LANGUAGE_STANDARD = "gnu++0x";
				CLANG_CXX_LIBRARY = "libc++";
				CLANG_ENABLE_MODULES = YES;
				CLANG_ENABLE_OBJC_ARC = YES;
				CLANG_WARN_BOOL_CONVERSION = YES;
				CLANG_WARN_CONSTANT_CONVERSION = YES;
				CLANG_WARN_DIRECT_OBJC_ISA_USAGE = YES_ERROR;
				CLANG_WARN_EMPTY_BODY = YES;
				CLANG_WARN_ENUM_CONVERSION = YES;
				CLANG_WARN_INT_CONVERSION = YES;
				CLANG_WARN_OBJC_ROOT_CLASS = YES_ERROR;
				CLANG_WARN_UNREACHABLE_CODE = YES;
				CLANG_WARN__DUPLICATE_METHOD_MATCH = YES;
				COPY_PHASE_STRIP = NO;
				ENABLE_STRICT_OBJC_MSGSEND = YES;
				GCC_C_LANGUAGE_STANDARD = gnu99;
				GCC_DYNAMIC_NO_PIC = NO;
				GCC_OPTIMIZATION_LEVEL = 0;
				GCC_PREPROCESSOR_DEFINITIONS = (
					"DEBUG=1",
					"$(inherited)",
				);
				GCC_SYMBOLS_PRIVATE_EXTERN = NO;
				GCC_WARN_64_TO_32_BIT_CONVERSION = YES;
				GCC_WARN_ABOUT_RETURN_TYPE = YES_ERROR;
				GCC_WARN_UNDECLARED_SELECTOR = YES;
				GCC_WARN_UNINITIALIZED_AUTOS = YES_AGGRESSIVE;
				GCC_WARN_UNUSED_FUNCTION = YES;
				GCC_WARN_UNUSED_VARIABLE = YES;
				IPHONEOS_DEPLOYMENT_TARGET = 7.1;
				MTL_ENABLE_DEBUG_INFO = YES;
				ONLY_ACTIVE_ARCH = YES;
				SDKROOT = iphoneos;
			};
			name = Debug;
		};
		2AADF4CC1A69599E0026EF9D /* Release */ = {
			isa = XCBuildConfiguration;
			buildSettings = {
				ALWAYS_SEARCH_USER_PATHS = NO;
				CLANG_CXX_LANGUAGE_STANDARD = "gnu++0x";
				CLANG_CXX_LIBRARY = "libc++";
				CLANG_ENABLE_MODULES = YES;
				CLANG_ENABLE_OBJC_ARC = YES;
				CLANG_WARN_BOOL_CONVERSION = YES;
				CLANG_WARN_CONSTANT_CONVERSION = YES;
				CLANG_WARN_DIRECT_OBJC_ISA_USAGE = YES_ERROR;
				CLANG_WARN_EMPTY_BODY = YES;
				CLANG_WARN_ENUM_CONVERSION = YES;
				CLANG_WARN_INT_CONVERSION = YES;
				CLANG_WARN_OBJC_ROOT_CLASS = YES_ERROR;
				CLANG_WARN_UNREACHABLE_CODE = YES;
				CLANG_WARN__DUPLICATE_METHOD_MATCH = YES;
				COPY_PHASE_STRIP = YES;
				ENABLE_NS_ASSERTIONS = NO;
				ENABLE_STRICT_OBJC_MSGSEND = YES;
				GCC_C_LANGUAGE_STANDARD = gnu99;
				GCC_WARN_64_TO_32_BIT_CONVERSION = YES;
				GCC_WARN_ABOUT_RETURN_TYPE = YES_ERROR;
				GCC_WARN_UNDECLARED_SELECTOR = YES;
				GCC_WARN_UNINITIALIZED_AUTOS = YES_AGGRESSIVE;
				GCC_WARN_UNUSED_FUNCTION = YES;
				GCC_WARN_UNUSED_VARIABLE = YES;
				IPHONEOS_DEPLOYMENT_TARGET = 7.1;
				MTL_ENABLE_DEBUG_INFO = NO;
				SDKROOT = iphoneos;
				VALIDATE_PRODUCT = YES;
			};
			name = Release;
		};
		2AADF4CE1A69599E0026EF9D /* Debug */ = {
			isa = XCBuildConfiguration;
			buildSettings = {
				OTHER_LDFLAGS = "-ObjC";
				PRODUCT_NAME = "$(TARGET_NAME)";
				SKIP_INSTALL = YES;
			};
			name = Debug;
		};
		2AADF4CF1A69599E0026EF9D /* Release */ = {
			isa = XCBuildConfiguration;
			buildSettings = {
				OTHER_LDFLAGS = "-ObjC";
				PRODUCT_NAME = "$(TARGET_NAME)";
				SKIP_INSTALL = YES;
			};
			name = Release;
		};
		2AADF4D11A69599E0026EF9D /* Debug */ = {
			isa = XCBuildConfiguration;
			buildSettings = {
				FRAMEWORK_SEARCH_PATHS = (
					"$(SDKROOT)/Developer/Library/Frameworks",
					"$(inherited)",
				);
				GCC_PREPROCESSOR_DEFINITIONS = (
					"DEBUG=1",
					"$(inherited)",
				);
				INFOPLIST_FILE = TDStickerLibraryTests/Info.plist;
				LD_RUNPATH_SEARCH_PATHS = "$(inherited) @executable_path/Frameworks @loader_path/Frameworks";
				PRODUCT_NAME = "$(TARGET_NAME)";
			};
			name = Debug;
		};
		2AADF4D21A69599E0026EF9D /* Release */ = {
			isa = XCBuildConfiguration;
			buildSettings = {
				FRAMEWORK_SEARCH_PATHS = (
					"$(SDKROOT)/Developer/Library/Frameworks",
					"$(inherited)",
				);
				INFOPLIST_FILE = TDStickerLibraryTests/Info.plist;
				LD_RUNPATH_SEARCH_PATHS = "$(inherited) @executable_path/Frameworks @loader_path/Frameworks";
				PRODUCT_NAME = "$(TARGET_NAME)";
			};
			name = Release;
		};
/* End XCBuildConfiguration section */

/* Begin XCConfigurationList section */
		2AADF4B41A69599E0026EF9D /* Build configuration list for PBXProject "TDStickerLibrary" */ = {
			isa = XCConfigurationList;
			buildConfigurations = (
				2AADF4CB1A69599E0026EF9D /* Debug */,
				2AADF4CC1A69599E0026EF9D /* Release */,
			);
			defaultConfigurationIsVisible = 0;
			defaultConfigurationName = Release;
		};
		2AADF4CD1A69599E0026EF9D /* Build configuration list for PBXNativeTarget "TDStickerLibrary" */ = {
			isa = XCConfigurationList;
			buildConfigurations = (
				2AADF4CE1A69599E0026EF9D /* Debug */,
				2AADF4CF1A69599E0026EF9D /* Release */,
			);
			defaultConfigurationIsVisible = 0;
			defaultConfigurationName = Release;
		};
		2AADF4D01A69599E0026EF9D /* Build configuration list for PBXNativeTarget "TDStickerLibraryTests" */ = {
			isa = XCConfigurationList;
			buildConfigurations = (
				2AADF4D11A69599E0026EF9D /* Debug */,
				2AADF4D21A69599E0026EF9D /* Release */,
			);
			defaultConfigurationIsVisible = 0;
			defaultConfigurationName = Release;
		};
/* End XCConfigurationList section */
	};
	rootObject = 2AADF4B11A69599E0026EF9D /* Project object */;
}
